
Microsoft Visual Studio Solution File, Format Version 12.00
# Visual Studio Version 17
VisualStudioVersion = 17.4.33403.182
MinimumVisualStudioVersion = 10.0.40219.1
Project("{FAE04EC0-301F-11D3-BF4B-00C04F79EFBC}") = "TatRom_BugTracker", "TatRom_BugTracker.csproj", "{8369069F-6ECC-4C7D-879F-53BDE38645D7}"
EndProject
Global
	GlobalSection(SolutionConfigurationPlatforms) = preSolution
		Debug|Any CPU = Debug|Any CPU
		Release|Any CPU = Release|Any CPU
	EndGlobalSection
	GlobalSection(ProjectConfigurationPlatforms) = postSolution
		{8369069F-6ECC-4C7D-879F-53BDE38645D7}.Debug|Any CPU.ActiveCfg = Debug|Any CPU
		{8369069F-6ECC-4C7D-879F-53BDE38645D7}.Debug|Any CPU.Build.0 = Debug|Any CPU
		{8369069F-6ECC-4C7D-879F-53BDE38645D7}.Release|Any CPU.ActiveCfg = Release|Any CPU
		{8369069F-6ECC-4C7D-879F-53BDE38645D7}.Release|Any CPU.Build.0 = Release|Any CPU
	EndGlobalSection
	GlobalSection(SolutionProperties) = preSolution
		HideSolutionNode = FALSE
	EndGlobalSection
	GlobalSection(ExtensibilityGlobals) = postSolution
		SolutionGuid = {2AE7BE72-4EC9-4857-9831-F0143DB7CA3F}
	EndGlobalSection
EndGlobal
